
Microsoft Visual Studio Solution File, Format Version 12.00
# Visual Studio Version 16
VisualStudioVersion = 16.0.30413.136
MinimumVisualStudioVersion = 10.0.40219.1
Project("{FAE04EC0-301F-11D3-BF4B-00C04F79EFBC}") = "MiniHome.WebUI", "MiniHome.WebUI\MiniHome.WebUI.csproj", "{0B928391-9C2A-46D3-A3F2-DDD7005BF8BC}"
EndProject
Project("{FAE04EC0-301F-11D3-BF4B-00C04F79EFBC}") = "MiniHome.Domain", "MiniHome.Domain\MiniHome.Domain.csproj", "{FE0199D0-E544-4289-BB93-6B1472E5BD9E}"
EndProject
Project("{00D1A9C2-B5F0-4AF3-8072-F6C62B433612}") = "MiniHome.SQL", "MiniHome.SQL\MiniHome.SQL.sqlproj", "{667D78DA-CD83-445B-993A-B8986E06C9AD}"
EndProject
Project("{FAE04EC0-301F-11D3-BF4B-00C04F79EFBC}") = "MiniHome.Tests", "MiniHome.Tests\MiniHome.Tests.csproj", "{0D7B35F2-5C99-442D-B26B-F409049D437A}"
EndProject
Global
	GlobalSection(SolutionConfigurationPlatforms) = preSolution
		Debug|Any CPU = Debug|Any CPU
		Release|Any CPU = Release|Any CPU
	EndGlobalSection
	GlobalSection(ProjectConfigurationPlatforms) = postSolution
		{0B928391-9C2A-46D3-A3F2-DDD7005BF8BC}.Debug|Any CPU.ActiveCfg = Debug|Any CPU
		{0B928391-9C2A-46D3-A3F2-DDD7005BF8BC}.Debug|Any CPU.Build.0 = Debug|Any CPU
		{0B928391-9C2A-46D3-A3F2-DDD7005BF8BC}.Release|Any CPU.ActiveCfg = Release|Any CPU
		{0B928391-9C2A-46D3-A3F2-DDD7005BF8BC}.Release|Any CPU.Build.0 = Release|Any CPU
		{FE0199D0-E544-4289-BB93-6B1472E5BD9E}.Debug|Any CPU.ActiveCfg = Debug|Any CPU
		{FE0199D0-E544-4289-BB93-6B1472E5BD9E}.Debug|Any CPU.Build.0 = Debug|Any CPU
		{FE0199D0-E544-4289-BB93-6B1472E5BD9E}.Release|Any CPU.ActiveCfg = Release|Any CPU
		{FE0199D0-E544-4289-BB93-6B1472E5BD9E}.Release|Any CPU.Build.0 = Release|Any CPU
		{667D78DA-CD83-445B-993A-B8986E06C9AD}.Debug|Any CPU.ActiveCfg = Debug|Any CPU
		{667D78DA-CD83-445B-993A-B8986E06C9AD}.Debug|Any CPU.Build.0 = Debug|Any CPU
		{667D78DA-CD83-445B-993A-B8986E06C9AD}.Debug|Any CPU.Deploy.0 = Debug|Any CPU
		{667D78DA-CD83-445B-993A-B8986E06C9AD}.Release|Any CPU.ActiveCfg = Release|Any CPU
		{667D78DA-CD83-445B-993A-B8986E06C9AD}.Release|Any CPU.Build.0 = Release|Any CPU
		{667D78DA-CD83-445B-993A-B8986E06C9AD}.Release|Any CPU.Deploy.0 = Release|Any CPU
		{0D7B35F2-5C99-442D-B26B-F409049D437A}.Debug|Any CPU.ActiveCfg = Debug|Any CPU
		{0D7B35F2-5C99-442D-B26B-F409049D437A}.Debug|Any CPU.Build.0 = Debug|Any CPU
		{0D7B35F2-5C99-442D-B26B-F409049D437A}.Release|Any CPU.ActiveCfg = Release|Any CPU
		{0D7B35F2-5C99-442D-B26B-F409049D437A}.Release|Any CPU.Build.0 = Release|Any CPU
	EndGlobalSection
	GlobalSection(SolutionProperties) = preSolution
		HideSolutionNode = FALSE
	EndGlobalSection
	GlobalSection(ExtensibilityGlobals) = postSolution
		SolutionGuid = {6A5E4047-9593-4BBE-AE7F-FB37879E8954}
	EndGlobalSection
EndGlobal
